
Microsoft Visual Studio Solution File, Format Version 12.00
# Visual Studio Version 17
VisualStudioVersion = 17.8.34511.84
MinimumVisualStudioVersion = 10.0.40219.1
Project("{9A19103F-16F7-4668-BE54-9A1E7A4F7556}") = "NetCongratulator.API", "NetCongratulator\NetCongratulator.API.csproj", "{EDBB0BEF-EF17-4193-A947-4DD582486C2A}"
EndProject
Project("{9A19103F-16F7-4668-BE54-9A1E7A4F7556}") = "NetCongratulator.Tests", "NetCongratulator.Tests\NetCongratulator.Tests.csproj", "{8E7764BC-CCE3-4E54-B744-BCE2027662C8}"
EndProject
Project("{9A19103F-16F7-4668-BE54-9A1E7A4F7556}") = "NetCongratulator.Domain", "NetCongratulator.Domain\NetCongratulator.Domain.csproj", "{0972F129-4948-491B-A481-1D5FBDD9F922}"
EndProject
Project("{9A19103F-16F7-4668-BE54-9A1E7A4F7556}") = "NetCongratulator.Infrastructure", "NetCongratulator.Infrastructure\NetCongratulator.Infrastructure.csproj", "{135244C3-155A-4A91-AEA3-5A6FE72A3F51}"
EndProject
Global
	GlobalSection(SolutionConfigurationPlatforms) = preSolution
		Debug|Any CPU = Debug|Any CPU
		Debug|x86 = Debug|x86
		Release|Any CPU = Release|Any CPU
		Release|x86 = Release|x86
	EndGlobalSection
	GlobalSection(ProjectConfigurationPlatforms) = postSolution
		{EDBB0BEF-EF17-4193-A947-4DD582486C2A}.Debug|Any CPU.ActiveCfg = Debug|Any CPU
		{EDBB0BEF-EF17-4193-A947-4DD582486C2A}.Debug|Any CPU.Build.0 = Debug|Any CPU
		{EDBB0BEF-EF17-4193-A947-4DD582486C2A}.Debug|x86.ActiveCfg = Debug|Any CPU
		{EDBB0BEF-EF17-4193-A947-4DD582486C2A}.Debug|x86.Build.0 = Debug|Any CPU
		{EDBB0BEF-EF17-4193-A947-4DD582486C2A}.Release|Any CPU.ActiveCfg = Release|Any CPU
		{EDBB0BEF-EF17-4193-A947-4DD582486C2A}.Release|Any CPU.Build.0 = Release|Any CPU
		{EDBB0BEF-EF17-4193-A947-4DD582486C2A}.Release|x86.ActiveCfg = Release|Any CPU
		{EDBB0BEF-EF17-4193-A947-4DD582486C2A}.Release|x86.Build.0 = Release|Any CPU
		{8E7764BC-CCE3-4E54-B744-BCE2027662C8}.Debug|Any CPU.ActiveCfg = Debug|Any CPU
		{8E7764BC-CCE3-4E54-B744-BCE2027662C8}.Debug|Any CPU.Build.0 = Debug|Any CPU
		{8E7764BC-CCE3-4E54-B744-BCE2027662C8}.Debug|x86.ActiveCfg = Debug|Any CPU
		{8E7764BC-CCE3-4E54-B744-BCE2027662C8}.Debug|x86.Build.0 = Debug|Any CPU
		{8E7764BC-CCE3-4E54-B744-BCE2027662C8}.Release|Any CPU.ActiveCfg = Release|Any CPU
		{8E7764BC-CCE3-4E54-B744-BCE2027662C8}.Release|Any CPU.Build.0 = Release|Any CPU
		{8E7764BC-CCE3-4E54-B744-BCE2027662C8}.Release|x86.ActiveCfg = Release|Any CPU
		{8E7764BC-CCE3-4E54-B744-BCE2027662C8}.Release|x86.Build.0 = Release|Any CPU
		{0972F129-4948-491B-A481-1D5FBDD9F922}.Debug|Any CPU.ActiveCfg = Debug|Any CPU
		{0972F129-4948-491B-A481-1D5FBDD9F922}.Debug|Any CPU.Build.0 = Debug|Any CPU
		{0972F129-4948-491B-A481-1D5FBDD9F922}.Debug|x86.ActiveCfg = Debug|Any CPU
		{0972F129-4948-491B-A481-1D5FBDD9F922}.Debug|x86.Build.0 = Debug|Any CPU
		{0972F129-4948-491B-A481-1D5FBDD9F922}.Release|Any CPU.ActiveCfg = Release|Any CPU
		{0972F129-4948-491B-A481-1D5FBDD9F922}.Release|Any CPU.Build.0 = Release|Any CPU
		{0972F129-4948-491B-A481-1D5FBDD9F922}.Release|x86.ActiveCfg = Release|Any CPU
		{0972F129-4948-491B-A481-1D5FBDD9F922}.Release|x86.Build.0 = Release|Any CPU
		{135244C3-155A-4A91-AEA3-5A6FE72A3F51}.Debug|Any CPU.ActiveCfg = Debug|Any CPU
		{135244C3-155A-4A91-AEA3-5A6FE72A3F51}.Debug|Any CPU.Build.0 = Debug|Any CPU
		{135244C3-155A-4A91-AEA3-5A6FE72A3F51}.Debug|x86.ActiveCfg = Debug|Any CPU
		{135244C3-155A-4A91-AEA3-5A6FE72A3F51}.Debug|x86.Build.0 = Debug|Any CPU
		{135244C3-155A-4A91-AEA3-5A6FE72A3F51}.Release|Any CPU.ActiveCfg = Release|Any CPU
		{135244C3-155A-4A91-AEA3-5A6FE72A3F51}.Release|Any CPU.Build.0 = Release|Any CPU
		{135244C3-155A-4A91-AEA3-5A6FE72A3F51}.Release|x86.ActiveCfg = Release|Any CPU
		{135244C3-155A-4A91-AEA3-5A6FE72A3F51}.Release|x86.Build.0 = Release|Any CPU
	EndGlobalSection
	GlobalSection(SolutionProperties) = preSolution
		HideSolutionNode = FALSE
	EndGlobalSection
	GlobalSection(ExtensibilityGlobals) = postSolution
		SolutionGuid = {5E279180-5724-40F1-8D33-115A4C72B96A}
	EndGlobalSection
EndGlobal
